<?xml version="1.0" encoding="utf-8"?>
<Project ToolsVersion="4.0" xmlns="http://schemas.microsoft.com/developer/msbuild/2003">
  <ItemGroup>
    <Filter Include="Source Files">
      <UniqueIdentifier>{4FC737F1-C7A5-4376-A066-2A32D752A2FF}</UniqueIdentifier>
      <Extensions>cpp;c;cc;cxx;def;odl;idl;hpj;bat;asm;asmx</Extensions>
    </Filter>
    <Filter Include="Header Files">
      <UniqueIdentifier>{93995380-89BD-4b04-88EB-625FBE52EBFB}</UniqueIdentifier>
      <Extensions>h;hh;hpp;hxx;hm;inl;inc;xsd</Extensions>
    </Filter>
    <Filter Include="Resource Files">
      <UniqueIdentifier>{67DA6AB6-F800-4c08-8B7A-83BB121AAD01}</UniqueIdentifier>
      <Extensions>rc;ico;cur;bmp;dlg;rc2;rct;bin;rgs;gif;jpg;jpeg;jpe;resx;tiff;tif;png;wav;mfcribbon-ms</Extensions>
    </Filter>
    <Filter Include="Widgets">
      <UniqueIdentifier>{f62401eb-ac06-42a1-8fa0-4472eab8c2cc}</UniqueIdentifier>
    </Filter>
  </ItemGroup>
  <ItemGroup>
    <ClCompile Include="main.cpp">
      <Filter>Source Files</Filter>
    </ClCompile>
    <ClCompile Include="CallbackManager.cpp">
      <Filter>Source Files</Filter>
    </ClCompile>
    <ClCompile Include="Gui.cpp">
      <Filter>Source Files</Filter>
    </ClCompile>
    <ClCompile Include="GuiContainer.cpp">
      <Filter>Widgets</Filter>
    </ClCompile>
    <ClCompile Include="Panel.cpp">
      <Filter>Widgets</Filter>
    </ClCompile>
    <ClCompile Include="Widget.cpp">
      <Filter>Widgets</Filter>
    </ClCompile>
    <ClCompile Include="Image.cpp">
      <Filter>Widgets</Filter>
    </ClCompile>
    <ClCompile Include="TextButton.cpp">
      <Filter>Widgets</Filter>
    </ClCompile>
    <ClCompile Include="Label.cpp">
      <Filter>Widgets</Filter>
    </ClCompile>
    <ClCompile Include="Theme.cpp">
      <Filter>Source Files</Filter>
    </ClCompile>
    <ClCompile Include="BorderWidget.cpp">
      <Filter>Widgets</Filter>
    </ClCompile>
    <ClCompile Include="ImageButton.cpp">
      <Filter>Widgets</Filter>
    </ClCompile>
    <ClCompile Include="ChildWindow.cpp">
      <Filter>Widgets</Filter>
    </ClCompile>
    <ClCompile Include="ScrollBar.cpp">
      <Filter>Widgets</Filter>
    </ClCompile>
    <ClCompile Include="Callbacks.cpp">
      <Filter>Source Files</Filter>
    </ClCompile>
  </ItemGroup>
  <ItemGroup>
    <ClInclude Include="CallbackManager.h">
      <Filter>Header Files</Filter>
    </ClInclude>
    <ClInclude Include="Gui.h">
      <Filter>Header Files</Filter>
    </ClInclude>
    <ClInclude Include="GuiEvent.h">
      <Filter>Header Files</Filter>
    </ClInclude>
    <ClInclude Include="Panel.h">
      <Filter>Widgets</Filter>
    </ClInclude>
    <ClInclude Include="Widget.h">
      <Filter>Widgets</Filter>
    </ClInclude>
    <ClInclude Include="GuiContainer.h">
      <Filter>Widgets</Filter>
    </ClInclude>
    <ClInclude Include="Image.h">
      <Filter>Widgets</Filter>
    </ClInclude>
    <ClInclude Include="TextButton.h">
      <Filter>Widgets</Filter>
    </ClInclude>
    <ClInclude Include="Label.h">
      <Filter>Widgets</Filter>
    </ClInclude>
    <ClInclude Include="Theme.h">
      <Filter>Header Files</Filter>
    </ClInclude>
    <ClInclude Include="BorderWidget.h">
      <Filter>Widgets</Filter>
    </ClInclude>
    <ClInclude Include="TextureMarginCoords.h">
      <Filter>Header Files</Filter>
    </ClInclude>
    <ClInclude Include="ImageButton.h">
      <Filter>Widgets</Filter>
    </ClInclude>
    <ClInclude Include="ChildWindow.h">
      <Filter>Widgets</Filter>
    </ClInclude>
    <ClInclude Include="ScrollBar.h">
      <Filter>Widgets</Filter>
    </ClInclude>
    <ClInclude Include="Callbacks.h">
      <Filter>Header Files</Filter>
    </ClInclude>
  </ItemGroup>
</Project>